
Microsoft Visual Studio Solution File, Format Version 12.00
# Visual Studio Version 17
VisualStudioVersion = 17.9.34728.123
MinimumVisualStudioVersion = 10.0.40219.1
Project("{FAE04EC0-301F-11D3-BF4B-00C04F79EFBC}") = "StarRealmsTracker", "StarRealmsTracker\StarRealmsTracker.csproj", "{7871B090-3EC8-4096-A4F3-26D23FF26F4F}"
EndProject
Global
	GlobalSection(SolutionConfigurationPlatforms) = preSolution
		Debug|Any CPU = Debug|Any CPU
		Release|Any CPU = Release|Any CPU
	EndGlobalSection
	GlobalSection(ProjectConfigurationPlatforms) = postSolution
		{7871B090-3EC8-4096-A4F3-26D23FF26F4F}.Debug|Any CPU.ActiveCfg = Debug|Any CPU
		{7871B090-3EC8-4096-A4F3-26D23FF26F4F}.Debug|Any CPU.Build.0 = Debug|Any CPU
		{7871B090-3EC8-4096-A4F3-26D23FF26F4F}.Release|Any CPU.ActiveCfg = Release|Any CPU
		{7871B090-3EC8-4096-A4F3-26D23FF26F4F}.Release|Any CPU.Build.0 = Release|Any CPU
	EndGlobalSection
	GlobalSection(SolutionProperties) = preSolution
		HideSolutionNode = FALSE
	EndGlobalSection
	GlobalSection(ExtensibilityGlobals) = postSolution
		SolutionGuid = {7901484F-147E-4E41-B39B-9FC81743B1D0}
	EndGlobalSection
EndGlobal
